{
  "name": "lit-element-starter-ts",
  "version": "0.0.0",
  "lockfileVersion": 2,
  "requires": true,
  "packages": {
    "": {
      "name": "lit-element-starter-ts",
      "version": "0.0.0",
      "license": "BSD-3-Clause",
      "dependencies": {
        "lit": "^2.0.0-pre.1",
        "lit-element": "^2.4.0"
      },
      "devDependencies": {
        "typescript": "^3.8.3"
      }
    },
    "node_modules/@lit/reactive-element": {
      "version": "1.0.0-pre.2",
      "resolved": "https://registry.npmjs.org/@lit/reactive-element/-/reactive-element-1.0.0-pre.2.tgz",
      "integrity": "sha512-IjguhOf9rFxtStHr8Sou2TuaUgpeLFojdKDoorssuyY0MnPCFdlcOJ2VhTOnoxV3fwHDC9m3Esc8zT+B3UG3Kw=="
    },
    "node_modules/lit": {
      "version": "2.0.0-pre.1",
      "resolved": "https://registry.npmjs.org/lit/-/lit-2.0.0-pre.1.tgz",
      "integrity": "sha512-1c/Df773r0yKZmZfzz0e0EzltdKDmEKrfyF7DFWagmiMxaA3c/9m9+58BhMF7LJg2Rt04L5ZQ3GWpkt1MtX/mA==",
      "dependencies": {
        "@lit/reactive-element": "^1.0.0-pre.2",
        "lit-element": "^3.0.0-pre.3",
        "lit-html": "^2.0.0-pre.6"
      }
    },
    "node_modules/lit-element": {
      "version": "2.4.0",
      "resolved": "https://registry.npmjs.org/lit-element/-/lit-element-2.4.0.tgz",
      "integrity": "sha512-pBGLglxyhq/Prk2H91nA0KByq/hx/wssJBQFiYqXhGDvEnY31PRGYf1RglVzyLeRysu0IHm2K0P196uLLWmwFg==",
      "dependencies": {
        "lit-html": "^1.1.1"
      }
    },
    "node_modules/lit-element/node_modules/lit-html": {
      "version": "1.3.0",
      "resolved": "https://registry.npmjs.org/lit-html/-/lit-html-1.3.0.tgz",
      "integrity": "sha512-0Q1bwmaFH9O14vycPHw8C/IeHMk/uSDldVLIefu/kfbTBGIc44KGH6A8p1bDfxUfHdc8q6Ct7kQklWoHgr4t1Q=="
    },
    "node_modules/lit-html": {
      "version": "2.0.0-pre.6",
      "resolved": "https://registry.npmjs.org/lit-html/-/lit-html-2.0.0-pre.6.tgz",
      "integrity": "sha512-cqF/ukSYYkV4KLzeDXk7pMgkrWK6Vn5TvfXewK+SpVDMCw7AXd7Ft+6WShlbTb27AZAFGUfL3uM2kKsrTqT14w=="
    },
    "node_modules/lit/node_modules/lit-element": {
      "version": "3.0.0-pre.3",
      "resolved": "https://registry.npmjs.org/lit-element/-/lit-element-3.0.0-pre.3.tgz",
      "integrity": "sha512-E6QaOQ+OJx4HX5bI6Xtojw5qHlOSY5R7NWXRtbq+/xxIIPXfwNTF5fOpOKREd8/GSdQP1hHBCxBovlitVPKYaA==",
      "dependencies": {
        "@lit/reactive-element": "^1.0.0-pre.1",
        "lit-html": "^2.0.0-pre.4"
      }
    },
    "node_modules/typescript": {
      "version": "3.9.9",
      "resolved": "https://registry.npmjs.org/typescript/-/typescript-3.9.9.tgz",
      "integrity": "sha512-kdMjTiekY+z/ubJCATUPlRDl39vXYiMV9iyeMuEuXZh2we6zz80uovNN2WlAxmmdE/Z/YQe+EbOEXB5RHEED3w==",
      "dev": true,
      "bin": {
        "tsc": "bin/tsc",
        "tsserver": "bin/tsserver"
      },
      "engines": {
        "node": ">=4.2.0"
      }
    }
  },
  "dependencies": {
    "@lit/reactive-element": {
      "version": "1.0.0-pre.2",
      "resolved": "https://registry.npmjs.org/@lit/reactive-element/-/reactive-element-1.0.0-pre.2.tgz",
      "integrity": "sha512-IjguhOf9rFxtStHr8Sou2TuaUgpeLFojdKDoorssuyY0MnPCFdlcOJ2VhTOnoxV3fwHDC9m3Esc8zT+B3UG3Kw=="
    },
    "lit": {
      "version": "2.0.0-pre.1",
      "resolved": "https://registry.npmjs.org/lit/-/lit-2.0.0-pre.1.tgz",
      "integrity": "sha512-1c/Df773r0yKZmZfzz0e0EzltdKDmEKrfyF7DFWagmiMxaA3c/9m9+58BhMF7LJg2Rt04L5ZQ3GWpkt1MtX/mA==",
      "requires": {
        "@lit/reactive-element": "^1.0.0-pre.2",
        "lit-element": "^3.0.0-pre.3",
        "lit-html": "^2.0.0-pre.6"
      },
      "dependencies": {
        "lit-element": {
          "version": "3.0.0-pre.3",
          "resolved": "https://registry.npmjs.org/lit-element/-/lit-element-3.0.0-pre.3.tgz",
          "integrity": "sha512-E6QaOQ+OJx4HX5bI6Xtojw5qHlOSY5R7NWXRtbq+/xxIIPXfwNTF5fOpOKREd8/GSdQP1hHBCxBovlitVPKYaA==",
          "requires": {
            "@lit/reactive-element": "^1.0.0-pre.1",
            "lit-html": "^2.0.0-pre.4"
          }
        }
      }
    },
    "lit-element": {
      "version": "2.4.0",
      "resolved": "https://registry.npmjs.org/lit-element/-/lit-element-2.4.0.tgz",
      "integrity": "sha512-pBGLglxyhq/Prk2H91nA0KByq/hx/wssJBQFiYqXhGDvEnY31PRGYf1RglVzyLeRysu0IHm2K0P196uLLWmwFg==",
      "requires": {
        "lit-html": "^1.1.1"
      },
      "dependencies": {
        "lit-html": {
          "version": "1.3.0",
          "resolved": "https://registry.npmjs.org/lit-html/-/lit-html-1.3.0.tgz",
          "integrity": "sha512-0Q1bwmaFH9O14vycPHw8C/IeHMk/uSDldVLIefu/kfbTBGIc44KGH6A8p1bDfxUfHdc8q6Ct7kQklWoHgr4t1Q=="
        }
      }
    },
    "lit-html": {
      "version": "2.0.0-pre.6",
      "resolved": "https://registry.npmjs.org/lit-html/-/lit-html-2.0.0-pre.6.tgz",
      "integrity": "sha512-cqF/ukSYYkV4KLzeDXk7pMgkrWK6Vn5TvfXewK+SpVDMCw7AXd7Ft+6WShlbTb27AZAFGUfL3uM2kKsrTqT14w=="
    },
    "typescript": {
      "version": "3.9.9",
      "resolved": "https://registry.npmjs.org/typescript/-/typescript-3.9.9.tgz",
      "integrity": "sha512-kdMjTiekY+z/ubJCATUPlRDl39vXYiMV9iyeMuEuXZh2we6zz80uovNN2WlAxmmdE/Z/YQe+EbOEXB5RHEED3w==",
      "dev": true
    }
  }
}
